# This file is automatically @generated by Cargo.
# It is not intended for manual editing.
version = 3

[[package]]
name = "impeller"
version = "0.1.0"
dependencies = [
 "impeller-core",
 "impeller-hal-gles",
 "impeller-hal-vulkan",
 "impeller-present",
 "impeller-present-drm",
 "impeller-present-egl",
 "impeller-present-vk",
]

[[package]]
name = "impeller-core"
version = "0.1.0"

[[package]]
name = "impeller-entity"
version = "0.1.0"

[[package]]
name = "impeller-geometry"
version = "0.1.0"

[[package]]
name = "impeller-hal"
version = "0.1.0"

[[package]]
name = "impeller-hal-gles"
version = "0.1.0"

[[package]]
name = "impeller-hal-vulkan"
version = "0.1.0"

[[package]]
name = "impeller-present"
version = "0.1.0"

[[package]]
name = "impeller-present-drm"
version = "0.1.0"

[[package]]
name = "impeller-present-egl"
version = "0.1.0"

[[package]]
name = "impeller-present-vk"
version = "0.1.0"

[[package]]
name = "impeller-renderer"
version = "0.1.0"

[[package]]
name = "impeller-shaders"
version = "0.1.0"

[[package]]
name = "impeller-testkit"
version = "0.1.0"

[[package]]
name = "impeller-text"
version = "0.1.0"

[[package]]
name = "xtask"
version = "0.1.0"
